
Microsoft Visual Studio Solution File, Format Version 12.00
# Visual Studio Version 16
VisualStudioVersion = 16.0.30225.117
MinimumVisualStudioVersion = 10.0.40219.1
Project("{9A19103F-16F7-4668-BE54-9A1E7A4F7556}") = "G11.TourSelector.Domain", "src\G11.TourSelector.Domain\G11.TourSelector.Domain.csproj", "{480DB954-9B49-4CC3-AC4C-FC3DCF84AA3A}"
EndProject
Project("{FAE04EC0-301F-11D3-BF4B-00C04F79EFBC}") = "G11.TourSelector.ConsoleApp", "G11.TourSelector.ConsoleApp\G11.TourSelector.ConsoleApp.csproj", "{5B01118A-233C-48F2-AFA0-D0F109D35A47}"
EndProject
Global
	GlobalSection(SolutionConfigurationPlatforms) = preSolution
		Debug|Any CPU = Debug|Any CPU
		Release|Any CPU = Release|Any CPU
	EndGlobalSection
	GlobalSection(ProjectConfigurationPlatforms) = postSolution
		{480DB954-9B49-4CC3-AC4C-FC3DCF84AA3A}.Debug|Any CPU.ActiveCfg = Debug|Any CPU
		{480DB954-9B49-4CC3-AC4C-FC3DCF84AA3A}.Debug|Any CPU.Build.0 = Debug|Any CPU
		{480DB954-9B49-4CC3-AC4C-FC3DCF84AA3A}.Release|Any CPU.ActiveCfg = Release|Any CPU
		{480DB954-9B49-4CC3-AC4C-FC3DCF84AA3A}.Release|Any CPU.Build.0 = Release|Any CPU
		{5B01118A-233C-48F2-AFA0-D0F109D35A47}.Debug|Any CPU.ActiveCfg = Debug|Any CPU
		{5B01118A-233C-48F2-AFA0-D0F109D35A47}.Debug|Any CPU.Build.0 = Debug|Any CPU
		{5B01118A-233C-48F2-AFA0-D0F109D35A47}.Release|Any CPU.ActiveCfg = Release|Any CPU
		{5B01118A-233C-48F2-AFA0-D0F109D35A47}.Release|Any CPU.Build.0 = Release|Any CPU
	EndGlobalSection
	GlobalSection(SolutionProperties) = preSolution
		HideSolutionNode = FALSE
	EndGlobalSection
	GlobalSection(ExtensibilityGlobals) = postSolution
		SolutionGuid = {F3E7F0D2-914D-436F-9C5A-4B06A71E6409}
	EndGlobalSection
EndGlobal
